
Microsoft Visual Studio Solution File, Format Version 12.00
# Visual Studio 14
VisualStudioVersion = 14.0.25420.1
MinimumVisualStudioVersion = 10.0.40219.1
Project("{FAE04EC0-301F-11D3-BF4B-00C04F79EFBC}") = "ShoppingCart", "ShoppingCart\ShoppingCart.csproj", "{7C6DA57F-FF67-485D-9BCF-3E510E31871A}"
EndProject
Project("{FAE04EC0-301F-11D3-BF4B-00C04F79EFBC}") = "ShoppingCartTests", "ShoppingCartTests\ShoppingCartTests.csproj", "{B74EE4C7-B404-4204-9EE1-CF37320E4194}"
EndProject
Global
	GlobalSection(SolutionConfigurationPlatforms) = preSolution
		Debug|Any CPU = Debug|Any CPU
		Release|Any CPU = Release|Any CPU
	EndGlobalSection
	GlobalSection(ProjectConfigurationPlatforms) = postSolution
		{7C6DA57F-FF67-485D-9BCF-3E510E31871A}.Debug|Any CPU.ActiveCfg = Debug|Any CPU
		{7C6DA57F-FF67-485D-9BCF-3E510E31871A}.Debug|Any CPU.Build.0 = Debug|Any CPU
		{7C6DA57F-FF67-485D-9BCF-3E510E31871A}.Release|Any CPU.ActiveCfg = Release|Any CPU
		{7C6DA57F-FF67-485D-9BCF-3E510E31871A}.Release|Any CPU.Build.0 = Release|Any CPU
		{B74EE4C7-B404-4204-9EE1-CF37320E4194}.Debug|Any CPU.ActiveCfg = Debug|Any CPU
		{B74EE4C7-B404-4204-9EE1-CF37320E4194}.Debug|Any CPU.Build.0 = Debug|Any CPU
		{B74EE4C7-B404-4204-9EE1-CF37320E4194}.Release|Any CPU.ActiveCfg = Release|Any CPU
		{B74EE4C7-B404-4204-9EE1-CF37320E4194}.Release|Any CPU.Build.0 = Release|Any CPU
	EndGlobalSection
	GlobalSection(SolutionProperties) = preSolution
		HideSolutionNode = FALSE
	EndGlobalSection
EndGlobal
